
Microsoft Visual Studio Solution File, Format Version 12.00
# Visual Studio Version 17
VisualStudioVersion = 17.4.33122.133
MinimumVisualStudioVersion = 10.0.40219.1
Project("{FAE04EC0-301F-11D3-BF4B-00C04F79EFBC}") = "L01_2020DL602", "L01_2020DL602\L01_2020DL602.csproj", "{F635F0D7-0605-4B55-8621-9033D8509746}"
EndProject
Global
	GlobalSection(SolutionConfigurationPlatforms) = preSolution
		Debug|Any CPU = Debug|Any CPU
		Release|Any CPU = Release|Any CPU
	EndGlobalSection
	GlobalSection(ProjectConfigurationPlatforms) = postSolution
		{F635F0D7-0605-4B55-8621-9033D8509746}.Debug|Any CPU.ActiveCfg = Debug|Any CPU
		{F635F0D7-0605-4B55-8621-9033D8509746}.Debug|Any CPU.Build.0 = Debug|Any CPU
		{F635F0D7-0605-4B55-8621-9033D8509746}.Release|Any CPU.ActiveCfg = Release|Any CPU
		{F635F0D7-0605-4B55-8621-9033D8509746}.Release|Any CPU.Build.0 = Release|Any CPU
	EndGlobalSection
	GlobalSection(SolutionProperties) = preSolution
		HideSolutionNode = FALSE
	EndGlobalSection
	GlobalSection(ExtensibilityGlobals) = postSolution
		SolutionGuid = {F725D704-FE2D-46CF-871B-7A4A1F05A9EE}
	EndGlobalSection
EndGlobal
